
Microsoft Visual Studio Solution File, Format Version 12.00
# Visual Studio 15
VisualStudioVersion = 15.0.26124.0
MinimumVisualStudioVersion = 15.0.26124.0
Project("{FAE04EC0-301F-11D3-BF4B-00C04F79EFBC}") = "VirtualRock.Services", "VirtualRock.Services\VirtualRock.Services.csproj", "{BB747201-754D-44E9-8E0D-ED8796FBBED2}"
EndProject
Project("{FAE04EC0-301F-11D3-BF4B-00C04F79EFBC}") = "VirtualRock.Core", "VirtualRock.Core\VirtualRock.Core.csproj", "{6941FE99-821E-4597-ADC4-59C9A5703D25}"
EndProject
Project("{FAE04EC0-301F-11D3-BF4B-00C04F79EFBC}") = "VirtualRock.API", "VirtualRock.API\VirtualRock.API.csproj", "{89599E52-083B-4B8D-89CA-6211C63AECEB}"
EndProject
Project("{FAE04EC0-301F-11D3-BF4B-00C04F79EFBC}") = "VirtualRock.Data", "VirtualRock.Data\VirtualRock.Data.csproj", "{833734AA-BAB5-43C2-B92F-C9DCE5AD7120}"
EndProject
Global
	GlobalSection(SolutionConfigurationPlatforms) = preSolution
		Debug|Any CPU = Debug|Any CPU
		Debug|x64 = Debug|x64
		Debug|x86 = Debug|x86
		Release|Any CPU = Release|Any CPU
		Release|x64 = Release|x64
		Release|x86 = Release|x86
	EndGlobalSection
	GlobalSection(SolutionProperties) = preSolution
		HideSolutionNode = FALSE
	EndGlobalSection
	GlobalSection(ProjectConfigurationPlatforms) = postSolution
		{BB747201-754D-44E9-8E0D-ED8796FBBED2}.Debug|Any CPU.ActiveCfg = Debug|Any CPU
		{BB747201-754D-44E9-8E0D-ED8796FBBED2}.Debug|Any CPU.Build.0 = Debug|Any CPU
		{BB747201-754D-44E9-8E0D-ED8796FBBED2}.Debug|x64.ActiveCfg = Debug|Any CPU
		{BB747201-754D-44E9-8E0D-ED8796FBBED2}.Debug|x64.Build.0 = Debug|Any CPU
		{BB747201-754D-44E9-8E0D-ED8796FBBED2}.Debug|x86.ActiveCfg = Debug|Any CPU
		{BB747201-754D-44E9-8E0D-ED8796FBBED2}.Debug|x86.Build.0 = Debug|Any CPU
		{BB747201-754D-44E9-8E0D-ED8796FBBED2}.Release|Any CPU.ActiveCfg = Release|Any CPU
		{BB747201-754D-44E9-8E0D-ED8796FBBED2}.Release|Any CPU.Build.0 = Release|Any CPU
		{BB747201-754D-44E9-8E0D-ED8796FBBED2}.Release|x64.ActiveCfg = Release|Any CPU
		{BB747201-754D-44E9-8E0D-ED8796FBBED2}.Release|x64.Build.0 = Release|Any CPU
		{BB747201-754D-44E9-8E0D-ED8796FBBED2}.Release|x86.ActiveCfg = Release|Any CPU
		{BB747201-754D-44E9-8E0D-ED8796FBBED2}.Release|x86.Build.0 = Release|Any CPU
		{6941FE99-821E-4597-ADC4-59C9A5703D25}.Debug|Any CPU.ActiveCfg = Debug|Any CPU
		{6941FE99-821E-4597-ADC4-59C9A5703D25}.Debug|Any CPU.Build.0 = Debug|Any CPU
		{6941FE99-821E-4597-ADC4-59C9A5703D25}.Debug|x64.ActiveCfg = Debug|Any CPU
		{6941FE99-821E-4597-ADC4-59C9A5703D25}.Debug|x64.Build.0 = Debug|Any CPU
		{6941FE99-821E-4597-ADC4-59C9A5703D25}.Debug|x86.ActiveCfg = Debug|Any CPU
		{6941FE99-821E-4597-ADC4-59C9A5703D25}.Debug|x86.Build.0 = Debug|Any CPU
		{6941FE99-821E-4597-ADC4-59C9A5703D25}.Release|Any CPU.ActiveCfg = Release|Any CPU
		{6941FE99-821E-4597-ADC4-59C9A5703D25}.Release|Any CPU.Build.0 = Release|Any CPU
		{6941FE99-821E-4597-ADC4-59C9A5703D25}.Release|x64.ActiveCfg = Release|Any CPU
		{6941FE99-821E-4597-ADC4-59C9A5703D25}.Release|x64.Build.0 = Release|Any CPU
		{6941FE99-821E-4597-ADC4-59C9A5703D25}.Release|x86.ActiveCfg = Release|Any CPU
		{6941FE99-821E-4597-ADC4-59C9A5703D25}.Release|x86.Build.0 = Release|Any CPU
		{89599E52-083B-4B8D-89CA-6211C63AECEB}.Debug|Any CPU.ActiveCfg = Debug|Any CPU
		{89599E52-083B-4B8D-89CA-6211C63AECEB}.Debug|Any CPU.Build.0 = Debug|Any CPU
		{89599E52-083B-4B8D-89CA-6211C63AECEB}.Debug|x64.ActiveCfg = Debug|Any CPU
		{89599E52-083B-4B8D-89CA-6211C63AECEB}.Debug|x64.Build.0 = Debug|Any CPU
		{89599E52-083B-4B8D-89CA-6211C63AECEB}.Debug|x86.ActiveCfg = Debug|Any CPU
		{89599E52-083B-4B8D-89CA-6211C63AECEB}.Debug|x86.Build.0 = Debug|Any CPU
		{89599E52-083B-4B8D-89CA-6211C63AECEB}.Release|Any CPU.ActiveCfg = Release|Any CPU
		{89599E52-083B-4B8D-89CA-6211C63AECEB}.Release|Any CPU.Build.0 = Release|Any CPU
		{89599E52-083B-4B8D-89CA-6211C63AECEB}.Release|x64.ActiveCfg = Release|Any CPU
		{89599E52-083B-4B8D-89CA-6211C63AECEB}.Release|x64.Build.0 = Release|Any CPU
		{89599E52-083B-4B8D-89CA-6211C63AECEB}.Release|x86.ActiveCfg = Release|Any CPU
		{89599E52-083B-4B8D-89CA-6211C63AECEB}.Release|x86.Build.0 = Release|Any CPU
		{833734AA-BAB5-43C2-B92F-C9DCE5AD7120}.Debug|Any CPU.ActiveCfg = Debug|Any CPU
		{833734AA-BAB5-43C2-B92F-C9DCE5AD7120}.Debug|Any CPU.Build.0 = Debug|Any CPU
		{833734AA-BAB5-43C2-B92F-C9DCE5AD7120}.Debug|x64.ActiveCfg = Debug|Any CPU
		{833734AA-BAB5-43C2-B92F-C9DCE5AD7120}.Debug|x64.Build.0 = Debug|Any CPU
		{833734AA-BAB5-43C2-B92F-C9DCE5AD7120}.Debug|x86.ActiveCfg = Debug|Any CPU
		{833734AA-BAB5-43C2-B92F-C9DCE5AD7120}.Debug|x86.Build.0 = Debug|Any CPU
		{833734AA-BAB5-43C2-B92F-C9DCE5AD7120}.Release|Any CPU.ActiveCfg = Release|Any CPU
		{833734AA-BAB5-43C2-B92F-C9DCE5AD7120}.Release|Any CPU.Build.0 = Release|Any CPU
		{833734AA-BAB5-43C2-B92F-C9DCE5AD7120}.Release|x64.ActiveCfg = Release|Any CPU
		{833734AA-BAB5-43C2-B92F-C9DCE5AD7120}.Release|x64.Build.0 = Release|Any CPU
		{833734AA-BAB5-43C2-B92F-C9DCE5AD7120}.Release|x86.ActiveCfg = Release|Any CPU
		{833734AA-BAB5-43C2-B92F-C9DCE5AD7120}.Release|x86.Build.0 = Release|Any CPU
	EndGlobalSection
EndGlobal
